
Microsoft Visual Studio Solution File, Format Version 12.00
# Visual Studio Version 17
VisualStudioVersion = 17.4.33122.133
MinimumVisualStudioVersion = 10.0.40219.1
Project("{FAE04EC0-301F-11D3-BF4B-00C04F79EFBC}") = "Lab_CustomMiddleware", "Lab_CustomMiddleware\Lab_CustomMiddleware.csproj", "{97FE142E-13DF-4C62-9944-34B2A5A6A83F}"
EndProject
Global
	GlobalSection(SolutionConfigurationPlatforms) = preSolution
		Debug|Any CPU = Debug|Any CPU
		Release|Any CPU = Release|Any CPU
	EndGlobalSection
	GlobalSection(ProjectConfigurationPlatforms) = postSolution
		{97FE142E-13DF-4C62-9944-34B2A5A6A83F}.Debug|Any CPU.ActiveCfg = Debug|Any CPU
		{97FE142E-13DF-4C62-9944-34B2A5A6A83F}.Debug|Any CPU.Build.0 = Debug|Any CPU
		{97FE142E-13DF-4C62-9944-34B2A5A6A83F}.Release|Any CPU.ActiveCfg = Release|Any CPU
		{97FE142E-13DF-4C62-9944-34B2A5A6A83F}.Release|Any CPU.Build.0 = Release|Any CPU
	EndGlobalSection
	GlobalSection(SolutionProperties) = preSolution
		HideSolutionNode = FALSE
	EndGlobalSection
	GlobalSection(ExtensibilityGlobals) = postSolution
		SolutionGuid = {CF6C0C34-0BDF-4859-BD3B-AD3E314093B6}
	EndGlobalSection
EndGlobal
